Microsoft Visual Studio Solution File, Format Version 12.00
# Visual Studio 15
VisualStudioVersion = 15.0.26730.8
MinimumVisualStudioVersion = 15.0.26124.0
Project("{9A19103F-16F7-4668-BE54-9A1E7A4F7556}") = "ParseFive", "src\ParseFive.csproj", "{EE76E3CA-53A8-40E8-A3C5-B93818696C43}"
EndProject
Project("{2150E333-8FDC-42A3-9474-1A3956D46DE8}") = "Solution Items", "Solution Items", "{AE5E52B4-BB2D-48F8-8560-07A888E3D090}"
	ProjectSection(SolutionItems) = preProject
		LICENSE = LICENSE
	EndProjectSection
EndProject
Project("{9A19103F-16F7-4668-BE54-9A1E7A4F7556}") = "ParseFive.Tests", "tests\ParseFive.Tests.csproj", "{63AA59DE-192A-4001-BDAB-17F15884FB3A}"
EndProject
Global
	GlobalSection(SolutionConfigurationPlatforms) = preSolution
		Debug|Any CPU = Debug|Any CPU
		Debug|x64 = Debug|x64
		Debug|x86 = Debug|x86
		Release|Any CPU = Release|Any CPU
		Release|x64 = Release|x64
		Release|x86 = Release|x86
	EndGlobalSection
	GlobalSection(ProjectConfigurationPlatforms) = postSolution
		{EE76E3CA-53A8-40E8-A3C5-B93818696C43}.Debug|Any CPU.ActiveCfg = Debug|Any CPU
		{EE76E3CA-53A8-40E8-A3C5-B93818696C43}.Debug|Any CPU.Build.0 = Debug|Any CPU
		{EE76E3CA-53A8-40E8-A3C5-B93818696C43}.Debug|x64.ActiveCfg = Debug|Any CPU
		{EE76E3CA-53A8-40E8-A3C5-B93818696C43}.Debug|x64.Build.0 = Debug|Any CPU
		{EE76E3CA-53A8-40E8-A3C5-B93818696C43}.Debug|x86.ActiveCfg = Debug|Any CPU
		{EE76E3CA-53A8-40E8-A3C5-B93818696C43}.Debug|x86.Build.0 = Debug|Any CPU
		{EE76E3CA-53A8-40E8-A3C5-B93818696C43}.Release|Any CPU.ActiveCfg = Release|Any CPU
		{EE76E3CA-53A8-40E8-A3C5-B93818696C43}.Release|Any CPU.Build.0 = Release|Any CPU
		{EE76E3CA-53A8-40E8-A3C5-B93818696C43}.Release|x64.ActiveCfg = Release|Any CPU
		{EE76E3CA-53A8-40E8-A3C5-B93818696C43}.Release|x64.Build.0 = Release|Any CPU
		{EE76E3CA-53A8-40E8-A3C5-B93818696C43}.Release|x86.ActiveCfg = Release|Any CPU
		{EE76E3CA-53A8-40E8-A3C5-B93818696C43}.Release|x86.Build.0 = Release|Any CPU
		{63AA59DE-192A-4001-BDAB-17F15884FB3A}.Debug|Any CPU.ActiveCfg = Debug|Any CPU
		{63AA59DE-192A-4001-BDAB-17F15884FB3A}.Debug|Any CPU.Build.0 = Debug|Any CPU
		{63AA59DE-192A-4001-BDAB-17F15884FB3A}.Debug|x64.ActiveCfg = Debug|Any CPU
		{63AA59DE-192A-4001-BDAB-17F15884FB3A}.Debug|x64.Build.0 = Debug|Any CPU
		{63AA59DE-192A-4001-BDAB-17F15884FB3A}.Debug|x86.ActiveCfg = Debug|Any CPU
		{63AA59DE-192A-4001-BDAB-17F15884FB3A}.Debug|x86.Build.0 = Debug|Any CPU
		{63AA59DE-192A-4001-BDAB-17F15884FB3A}.Release|Any CPU.ActiveCfg = Release|Any CPU
		{63AA59DE-192A-4001-BDAB-17F15884FB3A}.Release|Any CPU.Build.0 = Release|Any CPU
		{63AA59DE-192A-4001-BDAB-17F15884FB3A}.Release|x64.ActiveCfg = Release|Any CPU
		{63AA59DE-192A-4001-BDAB-17F15884FB3A}.Release|x64.Build.0 = Release|Any CPU
		{63AA59DE-192A-4001-BDAB-17F15884FB3A}.Release|x86.ActiveCfg = Release|Any CPU
		{63AA59DE-192A-4001-BDAB-17F15884FB3A}.Release|x86.Build.0 = Release|Any CPU
	EndGlobalSection
	GlobalSection(SolutionProperties) = preSolution
		HideSolutionNode = FALSE
	EndGlobalSection
	GlobalSection(ExtensibilityGlobals) = postSolution
		SolutionGuid = {AFAFEAC4-B6B6-4F45-A890-C0FB9916D8C1}
	EndGlobalSection
EndGlobal
